
Microsoft Visual Studio Solution File, Format Version 12.00
# Visual Studio Version 17
VisualStudioVersion = 17.12.35527.113
MinimumVisualStudioVersion = 10.0.40219.1
Project("{FAE04EC0-301F-11D3-BF4B-00C04F79EFBC}") = "MainApp", "MainApp\MainApp.csproj", "{DC18E009-57FE-4D79-882A-31637B1867DD}"
EndProject
Project("{FAE04EC0-301F-11D3-BF4B-00C04F79EFBC}") = "Business", "Business\Business.csproj", "{BB57E98C-F1F2-4A01-91D0-4A7A78C2E068}"
EndProject
Project("{FAE04EC0-301F-11D3-BF4B-00C04F79EFBC}") = "Business.Tests", "Business.Tests\Business.Tests.csproj", "{65ED2762-150B-4399-AF71-0E18764677A8}"
EndProject
Project("{FAE04EC0-301F-11D3-BF4B-00C04F79EFBC}") = "MobileApp", "MobileApp\MobileApp.csproj", "{3043215B-9B80-47EE-B418-D06781D3D19D}"
EndProject
Global
	GlobalSection(SolutionConfigurationPlatforms) = preSolution
		Debug|Any CPU = Debug|Any CPU
		Release|Any CPU = Release|Any CPU
	EndGlobalSection
	GlobalSection(ProjectConfigurationPlatforms) = postSolution
		{DC18E009-57FE-4D79-882A-31637B1867DD}.Debug|Any CPU.ActiveCfg = Debug|Any CPU
		{DC18E009-57FE-4D79-882A-31637B1867DD}.Debug|Any CPU.Build.0 = Debug|Any CPU
		{DC18E009-57FE-4D79-882A-31637B1867DD}.Release|Any CPU.ActiveCfg = Release|Any CPU
		{DC18E009-57FE-4D79-882A-31637B1867DD}.Release|Any CPU.Build.0 = Release|Any CPU
		{BB57E98C-F1F2-4A01-91D0-4A7A78C2E068}.Debug|Any CPU.ActiveCfg = Debug|Any CPU
		{BB57E98C-F1F2-4A01-91D0-4A7A78C2E068}.Debug|Any CPU.Build.0 = Debug|Any CPU
		{BB57E98C-F1F2-4A01-91D0-4A7A78C2E068}.Release|Any CPU.ActiveCfg = Release|Any CPU
		{BB57E98C-F1F2-4A01-91D0-4A7A78C2E068}.Release|Any CPU.Build.0 = Release|Any CPU
		{65ED2762-150B-4399-AF71-0E18764677A8}.Debug|Any CPU.ActiveCfg = Debug|Any CPU
		{65ED2762-150B-4399-AF71-0E18764677A8}.Debug|Any CPU.Build.0 = Debug|Any CPU
		{65ED2762-150B-4399-AF71-0E18764677A8}.Release|Any CPU.ActiveCfg = Release|Any CPU
		{65ED2762-150B-4399-AF71-0E18764677A8}.Release|Any CPU.Build.0 = Release|Any CPU
		{3043215B-9B80-47EE-B418-D06781D3D19D}.Debug|Any CPU.ActiveCfg = Debug|Any CPU
		{3043215B-9B80-47EE-B418-D06781D3D19D}.Debug|Any CPU.Build.0 = Debug|Any CPU
		{3043215B-9B80-47EE-B418-D06781D3D19D}.Debug|Any CPU.Deploy.0 = Debug|Any CPU
		{3043215B-9B80-47EE-B418-D06781D3D19D}.Release|Any CPU.ActiveCfg = Release|Any CPU
		{3043215B-9B80-47EE-B418-D06781D3D19D}.Release|Any CPU.Build.0 = Release|Any CPU
	EndGlobalSection
	GlobalSection(SolutionProperties) = preSolution
		HideSolutionNode = FALSE
	EndGlobalSection
EndGlobal
